{
    "_meta": {
        "hash": {
            "sha256": "ac7bf371da287432e1e5b71e20fda9ba1e2b987067954d4478848bb635c25c41"
        },
        "pipfile-spec": 6,
        "requires": {
            "python_version": "3"
        },
        "sources": [
            {
                "name": "pypi",
                "url": "https://pypi.org/simple",
                "verify_ssl": true
            }
        ]
    },
    "default": {
        "src": {
            "editable": true,
            "path": "./src"
        }
    },
    "develop": {}
}
